// !$*UTF8*$!
{
	archiveVersion = 1;
	classes = {
	};
	objectVersion = 46;
	objects = {

/* Begin PBXBuildFile section */
		1A09DC171F0535A40046E853 /* NoEndlessController.swift in Sources */ = {isa = PBXBuildFile; fileRef = 1A09DC161F0535A40046E853 /* NoEndlessController.swift */; };
		1A09DC191F0536A20046E853 /* NoPageControlController.swift in Sources */ = {isa = PBXBuildFile; fileRef = 1A09DC181F0536A20046E853 /* NoPageControlController.swift */; };
		1A09DC1C1F05396F0046E853 /* WRNavigationBar.swift in Sources */ = {isa = PBXBuildFile; fileRef = 1A09DC1B1F05396F0046E853 /* WRNavigationBar.swift */; };
		1A09DC1E1F05431B0046E853 /* ZhiHuController.swift in Sources */ = {isa = PBXBuildFile; fileRef = 1A09DC1D1F05431B0046E853 /* ZhiHuController.swift */; };
		1A5D14121EFA3B6A00FD1F5F /* StoryBoardController.storyboard in Resources */ = {isa = PBXBuildFile; fileRef = 1A5D14111EFA3B6A00FD1F5F /* StoryBoardController.storyboard */; };
		1A5D14141EFA3FA700FD1F5F /* SBController.swift in Sources */ = {isa = PBXBuildFile; fileRef = 1A5D14131EFA3FA700FD1F5F /* SBController.swift */; };
		1A9DD0531ECA078000533BE9 /* WRProxy.swift in Sources */ = {isa = PBXBuildFile; fileRef = 1A9DD0521ECA078000533BE9 /* WRProxy.swift */; };
		1AC097B51EC58670000F7206 /* AppDelegate.swift in Sources */ = {isa = PBXBuildFile; fileRef = 1AC097B41EC58670000F7206 /* AppDelegate.swift */; };
		1AC097B71EC58670000F7206 /* LocalImgController.swift in Sources */ = {isa = PBXBuildFile; fileRef = 1AC097B61EC58670000F7206 /* LocalImgController.swift */; };
		1AC097BC1EC58670000F7206 /* Assets.xcassets in Resources */ = {isa = PBXBuildFile; fileRef = 1AC097BB1EC58670000F7206 /* Assets.xcassets */; };
		1AC097BF1EC58670000F7206 /* LaunchScreen.storyboard in Resources */ = {isa = PBXBuildFile; fileRef = 1AC097BD1EC58670000F7206 /* LaunchScreen.storyboard */; };
		1AC097CA1EC58670000F7206 /* WRCycleScrollViewDemoTests.swift in Sources */ = {isa = PBXBuildFile; fileRef = 1AC097C91EC58670000F7206 /* WRCycleScrollViewDemoTests.swift */; };
		1AC097D51EC5ADB4000F7206 /* DemoListController.swift in Sources */ = {isa = PBXBuildFile; fileRef = 1AC097D41EC5ADB4000F7206 /* DemoListController.swift */; };
		1AC097D71EC5B2E9000F7206 /* ServerImgController.swift in Sources */ = {isa = PBXBuildFile; fileRef = 1AC097D61EC5B2E9000F7206 /* ServerImgController.swift */; };
		1AC097DA1EC5BAB8000F7206 /* WRCycleCell.swift in Sources */ = {isa = PBXBuildFile; fileRef = 1AC097D91EC5BAB8000F7206 /* WRCycleCell.swift */; };
		1AC097DC1EC5BAF1000F7206 /* WRCycleScrollView.swift in Sources */ = {isa = PBXBuildFile; fileRef = 1AC097DB1EC5BAF1000F7206 /* WRCycleScrollView.swift */; };
		3425F3501FBAC6AF000666C8 /* WRPageControl.swift in Sources */ = {isa = PBXBuildFile; fileRef = 3425F34F1FBAC6AF000666C8 /* WRPageControl.swift */; };
		3425F3521FBAE049000666C8 /* CustomDotController.swift in Sources */ = {isa = PBXBuildFile; fileRef = 3425F3511FBAE049000666C8 /* CustomDotController.swift */; };
		3425F3541FBAECCE000666C8 /* StandaloneDotController.swift in Sources */ = {isa = PBXBuildFile; fileRef = 3425F3531FBAECCE000666C8 /* StandaloneDotController.swift */; };
		FF78CC64A5D22B4B3B0104A1 /* Pods_WRCycleScrollViewDemo.framework in Frameworks */ = {isa = PBXBuildFile; fileRef = 78F99DB515338C31DDC6F59E /* Pods_WRCycleScrollViewDemo.framework */; };
/* End PBXBuildFile section */

/* Begin PBXContainerItemProxy section */
		1AC097C61EC58670000F7206 /* PBXContainerItemProxy */ = {
			isa = PBXContainerItemProxy;
			containerPortal = 1AC097A91EC58670000F7206 /* Project object */;
			proxyType = 1;
			remoteGlobalIDString = 1AC097B01EC58670000F7206;
			remoteInfo = WRCycleScrollViewDemo;
		};
/* End PBXContainerItemProxy section */

/* Begin PBXFileReference section */
		1A09DC161F0535A40046E853 /* NoEndlessController.swift */ = {isa = PBXFileReference; fileEncoding = 4; lastKnownFileType = sourcecode.swift; path = NoEndlessController.swift; sourceTree = "<group>"; };
		1A09DC181F0536A20046E853 /* NoPageControlController.swift */ = {isa = PBXFileReference; fileEncoding = 4; lastKnownFileType = sourcecode.swift; path = NoPageControlController.swift; sourceTree = "<group>"; };
		1A09DC1B1F05396F0046E853 /* WRNavigationBar.swift */ = {isa = PBXFileReference; fileEncoding = 4; lastKnownFileType = sourcecode.swift; path = WRNavigationBar.swift; sourceTree = "<group>"; };
		1A09DC1D1F05431B0046E853 /* ZhiHuController.swift */ = {isa = PBXFileReference; fileEncoding = 4; lastKnownFileType = sourcecode.swift; path = ZhiHuController.swift; sourceTree = "<group>"; };
		1A5D14111EFA3B6A00FD1F5F /* StoryBoardController.storyboard */ = {isa = PBXFileReference; fileEncoding = 4; lastKnownFileType = file.storyboard; path = StoryBoardController.storyboard; sourceTree = "<group>"; };
		1A5D14131EFA3FA700FD1F5F /* SBController.swift */ = {isa = PBXFileReference; fileEncoding = 4; lastKnownFileType = sourcecode.swift; path = SBController.swift; sourceTree = "<group>"; };
		1A9DD0521ECA078000533BE9 /* WRProxy.swift */ = {isa = PBXFileReference; fileEncoding = 4; lastKnownFileType = sourcecode.swift; path = WRProxy.swift; sourceTree = "<group>"; };
		1AC097B11EC58670000F7206 /* WRCycleScrollViewDemo.app */ = {isa = PBXFileReference; explicitFileType = wrapper.application; includeInIndex = 0; path = WRCycleScrollViewDemo.app; sourceTree = BUILT_PRODUCTS_DIR; };
		1AC097B41EC58670000F7206 /* AppDelegate.swift */ = {isa = PBXFileReference; lastKnownFileType = sourcecode.swift; path = AppDelegate.swift; sourceTree = "<group>"; };
		1AC097B61EC58670000F7206 /* LocalImgController.swift */ = {isa = PBXFileReference; lastKnownFileType = sourcecode.swift; path = LocalImgController.swift; sourceTree = "<group>"; };
		1AC097BB1EC58670000F7206 /* Assets.xcassets */ = {isa = PBXFileReference; lastKnownFileType = folder.assetcatalog; path = Assets.xcassets; sourceTree = "<group>"; };
		1AC097BE1EC58670000F7206 /* Base */ = {isa = PBXFileReference; lastKnownFileType = file.storyboard; name = Base; path = Base.lproj/LaunchScreen.storyboard; sourceTree = "<group>"; };
		1AC097C01EC58670000F7206 /* Info.plist */ = {isa = PBXFileReference; lastKnownFileType = text.plist.xml; path = Info.plist; sourceTree = "<group>"; };
		1AC097C51EC58670000F7206 /* WRCycleScrollViewDemoTests.xctest */ = {isa = PBXFileReference; explicitFileType = wrapper.cfbundle; includeInIndex = 0; path = WRCycleScrollViewDemoTests.xctest; sourceTree = BUILT_PRODUCTS_DIR; };
		1AC097C91EC58670000F7206 /* WRCycleScrollViewDemoTests.swift */ = {isa = PBXFileReference; lastKnownFileType = sourcecode.swift; path = WRCycleScrollViewDemoTests.swift; sourceTree = "<group>"; };
		1AC097CB1EC58670000F7206 /* Info.plist */ = {isa = PBXFileReference; lastKnownFileType = text.plist.xml; path = Info.plist; sourceTree = "<group>"; };
		1AC097D41EC5ADB4000F7206 /* DemoListController.swift */ = {isa = PBXFileReference; fileEncoding = 4; lastKnownFileType = sourcecode.swift; path = DemoListController.swift; sourceTree = "<group>"; };
		1AC097D61EC5B2E9000F7206 /* ServerImgController.swift */ = {isa = PBXFileReference; fileEncoding = 4; lastKnownFileType = sourcecode.swift; path = ServerImgController.swift; sourceTree = "<group>"; };
		1AC097D91EC5BAB8000F7206 /* WRCycleCell.swift */ = {isa = PBXFileReference; fileEncoding = 4; lastKnownFileType = sourcecode.swift; path = WRCycleCell.swift; sourceTree = "<group>"; };
		1AC097DB1EC5BAF1000F7206 /* WRCycleScrollView.swift */ = {isa = PBXFileReference; fileEncoding = 4; lastKnownFileType = sourcecode.swift; path = WRCycleScrollView.swift; sourceTree = "<group>"; };
		3425F34F1FBAC6AF000666C8 /* WRPageControl.swift */ = {isa = PBXFileReference; lastKnownFileType = sourcecode.swift; path = WRPageControl.swift; sourceTree = "<group>"; };
		3425F3511FBAE049000666C8 /* CustomDotController.swift */ = {isa = PBXFileReference; lastKnownFileType = sourcecode.swift; path = CustomDotController.swift; sourceTree = "<group>"; };
		3425F3531FBAECCE000666C8 /* StandaloneDotController.swift */ = {isa = PBXFileReference; lastKnownFileType = sourcecode.swift; path = StandaloneDotController.swift; sourceTree = "<group>"; };
		78F99DB515338C31DDC6F59E /* Pods_WRCycleScrollViewDemo.framework */ = {isa = PBXFileReference; explicitFileType = wrapper.framework; includeInIndex = 0; path = Pods_WRCycleScrollViewDemo.framework; sourceTree = BUILT_PRODUCTS_DIR; };
		90A77BF7D3C01D069D4434A6 /* Pods-WRCycleScrollViewDemo.debug.xcconfig */ = {isa = PBXFileReference; includeInIndex = 1; lastKnownFileType = text.xcconfig; name = "Pods-WRCycleScrollViewDemo.debug.xcconfig"; path = "Pods/Target Support Files/Pods-WRCycleScrollViewDemo/Pods-WRCycleScrollViewDemo.debug.xcconfig"; sourceTree = "<group>"; };
		9E50E5441E9DD2F1F27ABDDF /* Pods-WRCycleScrollViewDemo.release.xcconfig */ = {isa = PBXFileReference; includeInIndex = 1; lastKnownFileType = text.xcconfig; name = "Pods-WRCycleScrollViewDemo.release.xcconfig"; path = "Pods/Target Support Files/Pods-WRCycleScrollViewDemo/Pods-WRCycleScrollViewDemo.release.xcconfig"; sourceTree = "<group>"; };
/* End PBXFileReference section */

/* Begin PBXFrameworksBuildPhase section */
		1AC097AE1EC58670000F7206 /* Frameworks */ = {
			isa = PBXFrameworksBuildPhase;
			buildActionMask = 2147483647;
			files = (
				FF78CC64A5D22B4B3B0104A1 /* Pods_WRCycleScrollViewDemo.framework in Frameworks */,
			);
			runOnlyForDeploymentPostprocessing = 0;
		};
		1AC097C21EC58670000F7206 /* Frameworks */ = {
			isa = PBXFrameworksBuildPhase;
			buildActionMask = 2147483647;
			files = (
			);
			runOnlyForDeploymentPostprocessing = 0;
		};
/* End PBXFrameworksBuildPhase section */

/* Begin PBXGroup section */
		1A09DC1A1F05396F0046E853 /* WRNavigationBar */ = {
			isa = PBXGroup;
			children = (
				1A09DC1B1F05396F0046E853 /* WRNavigationBar.swift */,
			);
			path = WRNavigationBar;
			sourceTree = "<group>";
		};
		1AC097A81EC58670000F7206 = {
			isa = PBXGroup;
			children = (
				1AC097B31EC58670000F7206 /* WRCycleScrollViewDemo */,
				1AC097C81EC58670000F7206 /* WRCycleScrollViewDemoTests */,
				1AC097B21EC58670000F7206 /* Products */,
				7434DA17364FCE0371E74C6F /* Pods */,
				236F58F6AC6ABB96E39A2765 /* Frameworks */,
			);
			sourceTree = "<group>";
		};
		1AC097B21EC58670000F7206 /* Products */ = {
			isa = PBXGroup;
			children = (
				1AC097B11EC58670000F7206 /* WRCycleScrollViewDemo.app */,
				1AC097C51EC58670000F7206 /* WRCycleScrollViewDemoTests.xctest */,
			);
			name = Products;
			sourceTree = "<group>";
		};
		1AC097B31EC58670000F7206 /* WRCycleScrollViewDemo */ = {
			isa = PBXGroup;
			children = (
				1A09DC1A1F05396F0046E853 /* WRNavigationBar */,
				1AC097B41EC58670000F7206 /* AppDelegate.swift */,
				1AC097D81EC5B929000F7206 /* WRCycleScrollView */,
				1AC097D41EC5ADB4000F7206 /* DemoListController.swift */,
				1AC097B61EC58670000F7206 /* LocalImgController.swift */,
				1AC097D61EC5B2E9000F7206 /* ServerImgController.swift */,
				1A5D14111EFA3B6A00FD1F5F /* StoryBoardController.storyboard */,
				1A5D14131EFA3FA700FD1F5F /* SBController.swift */,
				1A09DC161F0535A40046E853 /* NoEndlessController.swift */,
				1A09DC181F0536A20046E853 /* NoPageControlController.swift */,
				1A09DC1D1F05431B0046E853 /* ZhiHuController.swift */,
				3425F3511FBAE049000666C8 /* CustomDotController.swift */,
				3425F3531FBAECCE000666C8 /* StandaloneDotController.swift */,
				1AC097BB1EC58670000F7206 /* Assets.xcassets */,
				1AC097BD1EC58670000F7206 /* LaunchScreen.storyboard */,
				1AC097C01EC58670000F7206 /* Info.plist */,
			);
			path = WRCycleScrollViewDemo;
			sourceTree = "<group>";
		};
		1AC097C81EC58670000F7206 /* WRCycleScrollViewDemoTests */ = {
			isa = PBXGroup;
			children = (
				1AC097C91EC58670000F7206 /* WRCycleScrollViewDemoTests.swift */,
				1AC097CB1EC58670000F7206 /* Info.plist */,
			);
			path = WRCycleScrollViewDemoTests;
			sourceTree = "<group>";
		};
		1AC097D81EC5B929000F7206 /* WRCycleScrollView */ = {
			isa = PBXGroup;
			children = (
				1AC097D91EC5BAB8000F7206 /* WRCycleCell.swift */,
				1AC097DB1EC5BAF1000F7206 /* WRCycleScrollView.swift */,
				1A9DD0521ECA078000533BE9 /* WRProxy.swift */,
				3425F34F1FBAC6AF000666C8 /* WRPageControl.swift */,
			);
			path = WRCycleScrollView;
			sourceTree = "<group>";
		};
		236F58F6AC6ABB96E39A2765 /* Frameworks */ = {
			isa = PBXGroup;
			children = (
				78F99DB515338C31DDC6F59E /* Pods_WRCycleScrollViewDemo.framework */,
			);
			name = Frameworks;
			sourceTree = "<group>";
		};
		7434DA17364FCE0371E74C6F /* Pods */ = {
			isa = PBXGroup;
			children = (
				90A77BF7D3C01D069D4434A6 /* Pods-WRCycleScrollViewDemo.debug.xcconfig */,
				9E50E5441E9DD2F1F27ABDDF /* Pods-WRCycleScrollViewDemo.release.xcconfig */,
			);
			name = Pods;
			sourceTree = "<group>";
		};
/* End PBXGroup section */

/* Begin PBXNativeTarget section */
		1AC097B01EC58670000F7206 /* WRCycleScrollViewDemo */ = {
			isa = PBXNativeTarget;
			buildConfigurationList = 1AC097CE1EC58670000F7206 /* Build configuration list for PBXNativeTarget "WRCycleScrollViewDemo" */;
			buildPhases = (
				7F653579B77CDD70B12E5D4B /* [CP] Check Pods Manifest.lock */,
				1AC097AD1EC58670000F7206 /* Sources */,
				1AC097AE1EC58670000F7206 /* Frameworks */,
				1AC097AF1EC58670000F7206 /* Resources */,
				3BAA828292BFB6653889EF22 /* [CP] Embed Pods Frameworks */,
				FC3127A1E3F7ABA9E1E56FD3 /* [CP] Copy Pods Resources */,
			);
			buildRules = (
			);
			dependencies = (
			);
			name = WRCycleScrollViewDemo;
			productName = WRCycleScrollViewDemo;
			productReference = 1AC097B11EC58670000F7206 /* WRCycleScrollViewDemo.app */;
			productType = "com.apple.product-type.application";
		};
		1AC097C41EC58670000F7206 /* WRCycleScrollViewDemoTests */ = {
			isa = PBXNativeTarget;
			buildConfigurationList = 1AC097D11EC58670000F7206 /* Build configuration list for PBXNativeTarget "WRCycleScrollViewDemoTests" */;
			buildPhases = (
				1AC097C11EC58670000F7206 /* Sources */,
				1AC097C21EC58670000F7206 /* Frameworks */,
				1AC097C31EC58670000F7206 /* Resources */,
			);
			buildRules = (
			);
			dependencies = (
				1AC097C71EC58670000F7206 /* PBXTargetDependency */,
			);
			name = WRCycleScrollViewDemoTests;
			productName = WRCycleScrollViewDemoTests;
			productReference = 1AC097C51EC58670000F7206 /* WRCycleScrollViewDemoTests.xctest */;
			productType = "com.apple.product-type.bundle.unit-test";
		};
/* End PBXNativeTarget section */

/* Begin PBXProject section */
		1AC097A91EC58670000F7206 /* Project object */ = {
			isa = PBXProject;
			attributes = {
				LastSwiftUpdateCheck = 0810;
				LastUpgradeCheck = 0810;
				ORGANIZATIONNAME = wangrui;
				TargetAttributes = {
					1AC097B01EC58670000F7206 = {
						CreatedOnToolsVersion = 8.1;
						DevelopmentTeam = 652U6LDTX4;
						ProvisioningStyle = Automatic;
					};
					1AC097C41EC58670000F7206 = {
						CreatedOnToolsVersion = 8.1;
						DevelopmentTeam = 652U6LDTX4;
						ProvisioningStyle = Automatic;
						TestTargetID = 1AC097B01EC58670000F7206;
					};
				};
			};
			buildConfigurationList = 1AC097AC1EC58670000F7206 /* Build configuration list for PBXProject "WRCycleScrollViewDemo" */;
			compatibilityVersion = "Xcode 3.2";
			developmentRegion = English;
			hasScannedForEncodings = 0;
			knownRegions = (
				en,
				Base,
			);
			mainGroup = 1AC097A81EC58670000F7206;
			productRefGroup = 1AC097B21EC58670000F7206 /* Products */;
			projectDirPath = "";
			projectRoot = "";
			targets = (
				1AC097B01EC58670000F7206 /* WRCycleScrollViewDemo */,
				1AC097C41EC58670000F7206 /* WRCycleScrollViewDemoTests */,
			);
		};
/* End PBXProject section */

/* Begin PBXResourcesBuildPhase section */
		1AC097AF1EC58670000F7206 /* Resources */ = {
			isa = PBXResourcesBuildPhase;
			buildActionMask = 2147483647;
			files = (
				1AC097BF1EC58670000F7206 /* LaunchScreen.storyboard in Resources */,
				1AC097BC1EC58670000F7206 /* Assets.xcassets in Resources */,
				1A5D14121EFA3B6A00FD1F5F /* StoryBoardController.storyboard in Resources */,
			);
			runOnlyForDeploymentPostprocessing = 0;
		};
		1AC097C31EC58670000F7206 /* Resources */ = {
			isa = PBXResourcesBuildPhase;
			buildActionMask = 2147483647;
			files = (
			);
			runOnlyForDeploymentPostprocessing = 0;
		};
/* End PBXResourcesBuildPhase section */

/* Begin PBXShellScriptBuildPhase section */
		3BAA828292BFB6653889EF22 /* [CP] Embed Pods Frameworks */ = {
			isa = PBXShellScriptBuildPhase;
			buildActionMask = 2147483647;
			files = (
			);
			inputPaths = (
			);
			name = "[CP] Embed Pods Frameworks";
			outputPaths = (
			);
			runOnlyForDeploymentPostprocessing = 0;
			shellPath = /bin/sh;
			shellScript = "\"${SRCROOT}/Pods/Target Support Files/Pods-WRCycleScrollViewDemo/Pods-WRCycleScrollViewDemo-frameworks.sh\"\n";
			showEnvVarsInLog = 0;
		};
		7F653579B77CDD70B12E5D4B /* [CP] Check Pods Manifest.lock */ = {
			isa = PBXShellScriptBuildPhase;
			buildActionMask = 2147483647;
			files = (
			);
			inputPaths = (
			);
			name = "[CP] Check Pods Manifest.lock";
			outputPaths = (
			);
			runOnlyForDeploymentPostprocessing = 0;
			shellPath = /bin/sh;
			shellScript = "diff \"${PODS_PODFILE_DIR_PATH}/Podfile.lock\" \"${PODS_ROOT}/Manifest.lock\" > /dev/null\nif [ $? != 0 ] ; then\n    # print error to STDERR\n    echo \"error: The sandbox is not in sync with the Podfile.lock. Run 'pod install' or update your CocoaPods installation.\" >&2\n    exit 1\nfi\n";
			showEnvVarsInLog = 0;
		};
		FC3127A1E3F7ABA9E1E56FD3 /* [CP] Copy Pods Resources */ = {
			isa = PBXShellScriptBuildPhase;
			buildActionMask = 2147483647;
			files = (
			);
			inputPaths = (
			);
			name = "[CP] Copy Pods Resources";
			outputPaths = (
			);
			runOnlyForDeploymentPostprocessing = 0;
			shellPath = /bin/sh;
			shellScript = "\"${SRCROOT}/Pods/Target Support Files/Pods-WRCycleScrollViewDemo/Pods-WRCycleScrollViewDemo-resources.sh\"\n";
			showEnvVarsInLog = 0;
		};
/* End PBXShellScriptBuildPhase section */

/* Begin PBXSourcesBuildPhase section */
		1AC097AD1EC58670000F7206 /* Sources */ = {
			isa = PBXSourcesBuildPhase;
			buildActionMask = 2147483647;
			files = (
				3425F3501FBAC6AF000666C8 /* WRPageControl.swift in Sources */,
				1AC097D71EC5B2E9000F7206 /* ServerImgController.swift in Sources */,
				3425F3521FBAE049000666C8 /* CustomDotController.swift in Sources */,
				1AC097D51EC5ADB4000F7206 /* DemoListController.swift in Sources */,
				3425F3541FBAECCE000666C8 /* StandaloneDotController.swift in Sources */,
				1A09DC1C1F05396F0046E853 /* WRNavigationBar.swift in Sources */,
				1AC097B71EC58670000F7206 /* LocalImgController.swift in Sources */,
				1AC097DC1EC5BAF1000F7206 /* WRCycleScrollView.swift in Sources */,
				1AC097B51EC58670000F7206 /* AppDelegate.swift in Sources */,
				1AC097DA1EC5BAB8000F7206 /* WRCycleCell.swift in Sources */,
				1A09DC191F0536A20046E853 /* NoPageControlController.swift in Sources */,
				1A09DC1E1F05431B0046E853 /* ZhiHuController.swift in Sources */,
				1A5D14141EFA3FA700FD1F5F /* SBController.swift in Sources */,
				1A09DC171F0535A40046E853 /* NoEndlessController.swift in Sources */,
				1A9DD0531ECA078000533BE9 /* WRProxy.swift in Sources */,
			);
			runOnlyForDeploymentPostprocessing = 0;
		};
		1AC097C11EC58670000F7206 /* Sources */ = {
			isa = PBXSourcesBuildPhase;
			buildActionMask = 2147483647;
			files = (
				1AC097CA1EC58670000F7206 /* WRCycleScrollViewDemoTests.swift in Sources */,
			);
			runOnlyForDeploymentPostprocessing = 0;
		};
/* End PBXSourcesBuildPhase section */

/* Begin PBXTargetDependency section */
		1AC097C71EC58670000F7206 /* PBXTargetDependency */ = {
			isa = PBXTargetDependency;
			target = 1AC097B01EC58670000F7206 /* WRCycleScrollViewDemo */;
			targetProxy = 1AC097C61EC58670000F7206 /* PBXContainerItemProxy */;
		};
/* End PBXTargetDependency section */

/* Begin PBXVariantGroup section */
		1AC097BD1EC58670000F7206 /* LaunchScreen.storyboard */ = {
			isa = PBXVariantGroup;
			children = (
				1AC097BE1EC58670000F7206 /* Base */,
			);
			name = LaunchScreen.storyboard;
			sourceTree = "<group>";
		};
/* End PBXVariantGroup section */

/* Begin XCBuildConfiguration section */
		1AC097CC1EC58670000F7206 /* Debug */ = {
			isa = XCBuildConfiguration;
			buildSettings = {
				ALWAYS_SEARCH_USER_PATHS = NO;
				CLANG_ANALYZER_NONNULL = YES;
				CLANG_CXX_LANGUAGE_STANDARD = "gnu++0x";
				CLANG_CXX_LIBRARY = "libc++";
				CLANG_ENABLE_MODULES = YES;
				CLANG_ENABLE_OBJC_ARC = YES;
				CLANG_WARN_BOOL_CONVERSION = YES;
				CLANG_WARN_CONSTANT_CONVERSION = YES;
				CLANG_WARN_DIRECT_OBJC_ISA_USAGE = YES_ERROR;
				CLANG_WARN_DOCUMENTATION_COMMENTS = YES;
				CLANG_WARN_EMPTY_BODY = YES;
				CLANG_WARN_ENUM_CONVERSION = YES;
				CLANG_WARN_INFINITE_RECURSION = YES;
				CLANG_WARN_INT_CONVERSION = YES;
				CLANG_WARN_OBJC_ROOT_CLASS = YES_ERROR;
				CLANG_WARN_SUSPICIOUS_MOVES = YES;
				CLANG_WARN_UNREACHABLE_CODE = YES;
				CLANG_WARN__DUPLICATE_METHOD_MATCH = YES;
				"CODE_SIGN_IDENTITY[sdk=iphoneos*]" = "iPhone Developer";
				COPY_PHASE_STRIP = NO;
				DEBUG_INFORMATION_FORMAT = dwarf;
				ENABLE_STRICT_OBJC_MSGSEND = YES;
				ENABLE_TESTABILITY = YES;
				GCC_C_LANGUAGE_STANDARD = gnu99;
				GCC_DYNAMIC_NO_PIC = NO;
				GCC_NO_COMMON_BLOCKS = YES;
				GCC_OPTIMIZATION_LEVEL = 0;
				GCC_PREPROCESSOR_DEFINITIONS = (
					"DEBUG=1",
					"$(inherited)",
				);
				GCC_WARN_64_TO_32_BIT_CONVERSION = YES;
				GCC_WARN_ABOUT_RETURN_TYPE = YES_ERROR;
				GCC_WARN_UNDECLARED_SELECTOR = YES;
				GCC_WARN_UNINITIALIZED_AUTOS = YES_AGGRESSIVE;
				GCC_WARN_UNUSED_FUNCTION = YES;
				GCC_WARN_UNUSED_VARIABLE = YES;
				IPHONEOS_DEPLOYMENT_TARGET = 8.0;
				MTL_ENABLE_DEBUG_INFO = YES;
				ONLY_ACTIVE_ARCH = YES;
				SDKROOT = iphoneos;
				SWIFT_ACTIVE_COMPILATION_CONDITIONS = DEBUG;
				SWIFT_OPTIMIZATION_LEVEL = "-Onone";
				TARGETED_DEVICE_FAMILY = "1,2";
			};
			name = Debug;
		};
		1AC097CD1EC58670000F7206 /* Release */ = {
			isa = XCBuildConfiguration;
			buildSettings = {
				ALWAYS_SEARCH_USER_PATHS = NO;
				CLANG_ANALYZER_NONNULL = YES;
				CLANG_CXX_LANGUAGE_STANDARD = "gnu++0x";
				CLANG_CXX_LIBRARY = "libc++";
				CLANG_ENABLE_MODULES = YES;
				CLANG_ENABLE_OBJC_ARC = YES;
				CLANG_WARN_BOOL_CONVERSION = YES;
				CLANG_WARN_CONSTANT_CONVERSION = YES;
				CLANG_WARN_DIRECT_OBJC_ISA_USAGE = YES_ERROR;
				CLANG_WARN_DOCUMENTATION_COMMENTS = YES;
				CLANG_WARN_EMPTY_BODY = YES;
				CLANG_WARN_ENUM_CONVERSION = YES;
				CLANG_WARN_INFINITE_RECURSION = YES;
				CLANG_WARN_INT_CONVERSION = YES;
				CLANG_WARN_OBJC_ROOT_CLASS = YES_ERROR;
				CLANG_WARN_SUSPICIOUS_MOVES = YES;
				CLANG_WARN_UNREACHABLE_CODE = YES;
				CLANG_WARN__DUPLICATE_METHOD_MATCH = YES;
				"CODE_SIGN_IDENTITY[sdk=iphoneos*]" = "iPhone Developer";
				COPY_PHASE_STRIP = NO;
				DEBUG_INFORMATION_FORMAT = "dwarf-with-dsym";
				ENABLE_NS_ASSERTIONS = NO;
				ENABLE_STRICT_OBJC_MSGSEND = YES;
				GCC_C_LANGUAGE_STANDARD = gnu99;
				GCC_NO_COMMON_BLOCKS = YES;
				GCC_WARN_64_TO_32_BIT_CONVERSION = YES;
				GCC_WARN_ABOUT_RETURN_TYPE = YES_ERROR;
				GCC_WARN_UNDECLARED_SELECTOR = YES;
				GCC_WARN_UNINITIALIZED_AUTOS = YES_AGGRESSIVE;
				GCC_WARN_UNUSED_FUNCTION = YES;
				GCC_WARN_UNUSED_VARIABLE = YES;
				IPHONEOS_DEPLOYMENT_TARGET = 8.0;
				MTL_ENABLE_DEBUG_INFO = NO;
				SDKROOT = iphoneos;
				SWIFT_OPTIMIZATION_LEVEL = "-Owholemodule";
				TARGETED_DEVICE_FAMILY = "1,2";
				VALIDATE_PRODUCT = YES;
			};
			name = Release;
		};
		1AC097CF1EC58670000F7206 /* Debug */ = {
			isa = XCBuildConfiguration;
			baseConfigurationReference = 90A77BF7D3C01D069D4434A6 /* Pods-WRCycleScrollViewDemo.debug.xcconfig */;
			buildSettings = {
				ASSETCATALOG_COMPILER_APPICON_NAME = AppIcon;
				ASSETCATALOG_COMPILER_LAUNCHIMAGE_NAME = LaunchImage;
				DEVELOPMENT_TEAM = 652U6LDTX4;
				INFOPLIST_FILE = WRCycleScrollViewDemo/Info.plist;
				IPHONEOS_DEPLOYMENT_TARGET = 8.0;
				LD_RUNPATH_SEARCH_PATHS = "$(inherited) @executable_path/Frameworks";
				PRODUCT_BUNDLE_IDENTIFIER = video.wangrui.com.WRCycleScrollViewDemo;
				PRODUCT_NAME = "$(TARGET_NAME)";
				SWIFT_VERSION = 3.0;
			};
			name = Debug;
		};
		1AC097D01EC58670000F7206 /* Release */ = {
			isa = XCBuildConfiguration;
			baseConfigurationReference = 9E50E5441E9DD2F1F27ABDDF /* Pods-WRCycleScrollViewDemo.release.xcconfig */;
			buildSettings = {
				ASSETCATALOG_COMPILER_APPICON_NAME = AppIcon;
				ASSETCATALOG_COMPILER_LAUNCHIMAGE_NAME = LaunchImage;
				DEVELOPMENT_TEAM = 652U6LDTX4;
				INFOPLIST_FILE = WRCycleScrollViewDemo/Info.plist;
				IPHONEOS_DEPLOYMENT_TARGET = 8.0;
				LD_RUNPATH_SEARCH_PATHS = "$(inherited) @executable_path/Frameworks";
				PRODUCT_BUNDLE_IDENTIFIER = video.wangrui.com.WRCycleScrollViewDemo;
				PRODUCT_NAME = "$(TARGET_NAME)";
				SWIFT_VERSION = 3.0;
			};
			name = Release;
		};
		1AC097D21EC58670000F7206 /* Debug */ = {
			isa = XCBuildConfiguration;
			buildSettings = {
				ALWAYS_EMBED_SWIFT_STANDARD_LIBRARIES = YES;
				BUNDLE_LOADER = "$(TEST_HOST)";
				DEVELOPMENT_TEAM = 652U6LDTX4;
				INFOPLIST_FILE = WRCycleScrollViewDemoTests/Info.plist;
				LD_RUNPATH_SEARCH_PATHS = "$(inherited) @executable_path/Frameworks @loader_path/Frameworks";
				PRODUCT_BUNDLE_IDENTIFIER = video.wangrui.com.WRCycleScrollViewDemoTests;
				PRODUCT_NAME = "$(TARGET_NAME)";
				SWIFT_VERSION = 3.0;
				TEST_HOST = "$(BUILT_PRODUCTS_DIR)/WRCycleScrollViewDemo.app/WRCycleScrollViewDemo";
			};
			name = Debug;
		};
		1AC097D31EC58670000F7206 /* Release */ = {
			isa = XCBuildConfiguration;
			buildSettings = {
				ALWAYS_EMBED_SWIFT_STANDARD_LIBRARIES = YES;
				BUNDLE_LOADER = "$(TEST_HOST)";
				DEVELOPMENT_TEAM = 652U6LDTX4;
				INFOPLIST_FILE = WRCycleScrollViewDemoTests/Info.plist;
				LD_RUNPATH_SEARCH_PATHS = "$(inherited) @executable_path/Frameworks @loader_path/Frameworks";
				PRODUCT_BUNDLE_IDENTIFIER = video.wangrui.com.WRCycleScrollViewDemoTests;
				PRODUCT_NAME = "$(TARGET_NAME)";
				SWIFT_VERSION = 3.0;
				TEST_HOST = "$(BUILT_PRODUCTS_DIR)/WRCycleScrollViewDemo.app/WRCycleScrollViewDemo";
			};
			name = Release;
		};
/* End XCBuildConfiguration section */

/* Begin XCConfigurationList section */
		1AC097AC1EC58670000F7206 /* Build configuration list for PBXProject "WRCycleScrollViewDemo" */ = {
			isa = XCConfigurationList;
			buildConfigurations = (
				1AC097CC1EC58670000F7206 /* Debug */,
				1AC097CD1EC58670000F7206 /* Release */,
			);
			defaultConfigurationIsVisible = 0;
			defaultConfigurationName = Release;
		};
		1AC097CE1EC58670000F7206 /* Build configuration list for PBXNativeTarget "WRCycleScrollViewDemo" */ = {
			isa = XCConfigurationList;
			buildConfigurations = (
				1AC097CF1EC58670000F7206 /* Debug */,
				1AC097D01EC58670000F7206 /* Release */,
			);
			defaultConfigurationIsVisible = 0;
			defaultConfigurationName = Release;
		};
		1AC097D11EC58670000F7206 /* Build configuration list for PBXNativeTarget "WRCycleScrollViewDemoTests" */ = {
			isa = XCConfigurationList;
			buildConfigurations = (
				1AC097D21EC58670000F7206 /* Debug */,
				1AC097D31EC58670000F7206 /* Release */,
			);
			defaultConfigurationIsVisible = 0;
			defaultConfigurationName = Release;
		};
/* End XCConfigurationList section */
	};
	rootObject = 1AC097A91EC58670000F7206 /* Project object */;
}
