PODS:
  - Kingfisher (4.10.1)
  - WRNavigationBar_swift (0.1.0)

DEPENDENCIES:
  - Kingfisher (= 4.10.1)
  - WRNavigationBar_swift (from `https://github.com/EFRenovation/WRNavigationBar_swift.git`)

SPEC REPOS:
  https://github.com/cocoapods/specs.git:
    - Kingfisher

EXTERNAL SOURCES:
  WRNavigationBar_swift:
    :git: https://github.com/EFRenovation/WRNavigationBar_swift.git

CHECKOUT OPTIONS:
  WRNavigationBar_swift:
    :commit: a0527391cb2ef39b782ccb7dc392c283669f8b83
    :git: https://github.com/EFRenovation/WRNavigationBar_swift.git

SPEC CHECKSUMS:
  Kingfisher: c148cd7b47ebde9989f6bc7c27dcaa79d81279a0
  WRNavigationBar_swift: b49ca280deb24616af40abae09d8ec593e75ac64

PODFILE CHECKSUM: e877ef69660efc780bee4089dade3acd6a65a80c

COCOAPODS: 1.5.3
